
Microsoft Visual Studio Solution File, Format Version 12.00
# Visual Studio 15
VisualStudioVersion = 15.0.28307.489
MinimumVisualStudioVersion = 10.0.40219.1
Project("{FAE04EC0-301F-11D3-BF4B-00C04F79EFBC}") = "Lesson19", "Lesson19\Lesson19.csproj", "{4793A73D-58B6-4182-AA26-537413306038}"
EndProject
Global
	GlobalSection(SolutionConfigurationPlatforms) = preSolution
		Debug|Any CPU = Debug|Any CPU
		Release|Any CPU = Release|Any CPU
	EndGlobalSection
	GlobalSection(ProjectConfigurationPlatforms) = postSolution
		{4793A73D-58B6-4182-AA26-537413306038}.Debug|Any CPU.ActiveCfg = Debug|Any CPU
		{4793A73D-58B6-4182-AA26-537413306038}.Debug|Any CPU.Build.0 = Debug|Any CPU
		{4793A73D-58B6-4182-AA26-537413306038}.Release|Any CPU.ActiveCfg = Release|Any CPU
		{4793A73D-58B6-4182-AA26-537413306038}.Release|Any CPU.Build.0 = Release|Any CPU
	EndGlobalSection
	GlobalSection(SolutionProperties) = preSolution
		HideSolutionNode = FALSE
	EndGlobalSection
	GlobalSection(ExtensibilityGlobals) = postSolution
		SolutionGuid = {3E64749F-6955-4563-ADA2-2A1E48EBCE9C}
	EndGlobalSection
EndGlobal
