
Microsoft Visual Studio Solution File, Format Version 12.00
# Visual Studio 15
VisualStudioVersion = 15.0.28307.489
MinimumVisualStudioVersion = 10.0.40219.1
Project("{FAE04EC0-301F-11D3-BF4B-00C04F79EFBC}") = "HomeworkLesson1", "HomeworkLesson1\HomeworkLesson1.csproj", "{3791D421-3373-4F3A-8094-37FF05503533}"
EndProject
Global
	GlobalSection(SolutionConfigurationPlatforms) = preSolution
		Debug|Any CPU = Debug|Any CPU
		Release|Any CPU = Release|Any CPU
	EndGlobalSection
	GlobalSection(ProjectConfigurationPlatforms) = postSolution
		{3791D421-3373-4F3A-8094-37FF05503533}.Debug|Any CPU.ActiveCfg = Debug|Any CPU
		{3791D421-3373-4F3A-8094-37FF05503533}.Debug|Any CPU.Build.0 = Debug|Any CPU
		{3791D421-3373-4F3A-8094-37FF05503533}.Release|Any CPU.ActiveCfg = Release|Any CPU
		{3791D421-3373-4F3A-8094-37FF05503533}.Release|Any CPU.Build.0 = Release|Any CPU
	EndGlobalSection
	GlobalSection(SolutionProperties) = preSolution
		HideSolutionNode = FALSE
	EndGlobalSection
	GlobalSection(ExtensibilityGlobals) = postSolution
		SolutionGuid = {73EF325E-6F2D-4248-9BAF-9FB0D89F3E7B}
	EndGlobalSection
EndGlobal
