
Microsoft Visual Studio Solution File, Format Version 12.00
# Visual Studio 15
VisualStudioVersion = 15.0.28307.489
MinimumVisualStudioVersion = 10.0.40219.1
Project("{FAE04EC0-301F-11D3-BF4B-00C04F79EFBC}") = "Lesson16", "Lesson16\Lesson16.csproj", "{B181BAC0-F571-42DB-9D93-FCF02B49AC09}"
EndProject
Global
	GlobalSection(SolutionConfigurationPlatforms) = preSolution
		Debug|Any CPU = Debug|Any CPU
		Release|Any CPU = Release|Any CPU
	EndGlobalSection
	GlobalSection(ProjectConfigurationPlatforms) = postSolution
		{B181BAC0-F571-42DB-9D93-FCF02B49AC09}.Debug|Any CPU.ActiveCfg = Debug|Any CPU
		{B181BAC0-F571-42DB-9D93-FCF02B49AC09}.Debug|Any CPU.Build.0 = Debug|Any CPU
		{B181BAC0-F571-42DB-9D93-FCF02B49AC09}.Release|Any CPU.ActiveCfg = Release|Any CPU
		{B181BAC0-F571-42DB-9D93-FCF02B49AC09}.Release|Any CPU.Build.0 = Release|Any CPU
	EndGlobalSection
	GlobalSection(SolutionProperties) = preSolution
		HideSolutionNode = FALSE
	EndGlobalSection
	GlobalSection(ExtensibilityGlobals) = postSolution
		SolutionGuid = {2235ED59-6752-4649-8E4F-264F2637F59D}
	EndGlobalSection
EndGlobal
