
Microsoft Visual Studio Solution File, Format Version 12.00
# Visual Studio 15
VisualStudioVersion = 15.0.28307.489
MinimumVisualStudioVersion = 10.0.40219.1
Project("{FAE04EC0-301F-11D3-BF4B-00C04F79EFBC}") = "Lesson2b", "Lesson2b\Lesson2b.csproj", "{E060FF7C-5DAA-4613-9A3F-F3058B3E2F1A}"
EndProject
Global
	GlobalSection(SolutionConfigurationPlatforms) = preSolution
		Debug|Any CPU = Debug|Any CPU
		Release|Any CPU = Release|Any CPU
	EndGlobalSection
	GlobalSection(ProjectConfigurationPlatforms) = postSolution
		{E060FF7C-5DAA-4613-9A3F-F3058B3E2F1A}.Debug|Any CPU.ActiveCfg = Debug|Any CPU
		{E060FF7C-5DAA-4613-9A3F-F3058B3E2F1A}.Debug|Any CPU.Build.0 = Debug|Any CPU
		{E060FF7C-5DAA-4613-9A3F-F3058B3E2F1A}.Release|Any CPU.ActiveCfg = Release|Any CPU
		{E060FF7C-5DAA-4613-9A3F-F3058B3E2F1A}.Release|Any CPU.Build.0 = Release|Any CPU
	EndGlobalSection
	GlobalSection(SolutionProperties) = preSolution
		HideSolutionNode = FALSE
	EndGlobalSection
	GlobalSection(ExtensibilityGlobals) = postSolution
		SolutionGuid = {B73546A1-CD78-42D4-B7D4-85879A01B9F4}
	EndGlobalSection
EndGlobal
